<?xml version="1.0" encoding="utf-8"?>
<Project ToolsVersion="4.0" xmlns="http://schemas.microsoft.com/developer/msbuild/2003">
  <ItemGroup>
    <Filter Include="Source Files">
      <UniqueIdentifier>{4FC737F1-C7A5-4376-A066-2A32D752A2FF}</UniqueIdentifier>
      <Extensions>cpp;c;cc;cxx;c++;cppm;ixx;def;odl;idl;hpj;bat;asm;asmx</Extensions>
    </Filter>
    <Filter Include="Header Files">
      <UniqueIdentifier>{93995380-89BD-4b04-88EB-625FBE52EBFB}</UniqueIdentifier>
      <Extensions>h;hh;hpp;hxx;h++;hm;inl;inc;ipp;xsd</Extensions>
    </Filter>
    <Filter Include="Resource Files">
      <UniqueIdentifier>{67DA6AB6-F800-4c08-8B7A-83BB121AAD01}</UniqueIdentifier>
      <Extensions>rc;ico;cur;bmp;dlg;rc2;rct;bin;rgs;gif;jpg;jpeg;jpe;resx;tiff;tif;png;wav;mfcribbon-ms</Extensions>
    </Filter>
  </ItemGroup>
  <ItemGroup>
    <ClCompile Include="Source\Events\EventHandler.cpp">
      <Filter>Source Files</Filter>
    </ClCompile>
    <ClCompile Include="Source\Graphics\Buffers\Buffer.cpp">
      <Filter>Source Files</Filter>
    </ClCompile>
    <ClCompile Include="Source\Graphics\Buffers\VertexArray.cpp">
      <Filter>Source Files</Filter>
    </ClCompile>
    <ClCompile Include="Source\Graphics\Layers\Layer.cpp">
      <Filter>Source Files</Filter>
    </ClCompile>
    <ClCompile Include="Source\Graphics\Layers\LayerStack.cpp">
      <Filter>Source Files</Filter>
    </ClCompile>
    <ClCompile Include="Source\Graphics\Layers\tilelayer.cpp">
      <Filter>Source Files</Filter>
    </ClCompile>
    <ClCompile Include="Source\Graphics\Layers\twoDimensionalLayer.cpp">
      <Filter>Source Files</Filter>
    </ClCompile>
    <ClCompile Include="Source\Graphics\batchrenderer2D.cpp">
      <Filter>Source Files</Filter>
    </ClCompile>
    <ClCompile Include="Source\Graphics\Camera.cpp">
      <Filter>Source Files</Filter>
    </ClCompile>
    <ClCompile Include="Source\Graphics\mesh.cpp">
      <Filter>Source Files</Filter>
    </ClCompile>
    <ClCompile Include="Source\Graphics\model.cpp">
      <Filter>Source Files</Filter>
    </ClCompile>
    <ClCompile Include="Source\Graphics\OpenGLWindow.cpp">
      <Filter>Source Files</Filter>
    </ClCompile>
    <ClCompile Include="Source\Graphics\renderable3D.cpp">
      <Filter>Source Files</Filter>
    </ClCompile>
    <ClCompile Include="Source\Graphics\shader.cpp">
      <Filter>Source Files</Filter>
    </ClCompile>
    <ClCompile Include="Source\Graphics\simpleRenderer2D.cpp">
      <Filter>Source Files</Filter>
    </ClCompile>
    <ClCompile Include="Source\Graphics\simplerenderer3D.cpp">
      <Filter>Source Files</Filter>
    </ClCompile>
    <ClCompile Include="Source\Graphics\sprite.cpp">
      <Filter>Source Files</Filter>
    </ClCompile>
    <ClCompile Include="Source\Graphics\static_sprite.cpp">
      <Filter>Source Files</Filter>
    </ClCompile>
    <ClCompile Include="Source\Graphics\texture.cpp">
      <Filter>Source Files</Filter>
    </ClCompile>
    <ClCompile Include="Source\Graphics\Layers\ImGuiBase.cpp">
      <Filter>Source Files</Filter>
    </ClCompile>
    <ClCompile Include="Source\ImGuiExampleBuilds\imgui_impl_glfw.cpp">
      <Filter>Source Files</Filter>
    </ClCompile>
    <ClCompile Include="Source\ImGuiExampleBuilds\imgui_impl_opengl3.cpp">
      <Filter>Source Files</Filter>
    </ClCompile>
    <ClCompile Include="Source\Math\mat4.cpp">
      <Filter>Source Files</Filter>
    </ClCompile>
    <ClCompile Include="Source\Math\vec2.cpp">
      <Filter>Source Files</Filter>
    </ClCompile>
    <ClCompile Include="Source\Math\vec3.cpp">
      <Filter>Source Files</Filter>
    </ClCompile>
    <ClCompile Include="Source\Math\vec4.cpp">
      <Filter>Source Files</Filter>
    </ClCompile>
    <ClCompile Include="Source\Renderer\Renderer.cpp">
      <Filter>Source Files</Filter>
    </ClCompile>
    <ClCompile Include="Source\Renderer\RendererCommand.cpp">
      <Filter>Source Files</Filter>
    </ClCompile>
    <ClCompile Include="Source\utils\Logger.cpp">
      <Filter>Source Files</Filter>
    </ClCompile>
    <ClCompile Include="Vendor\ImGUI\imgui.cpp">
      <Filter>Source Files</Filter>
    </ClCompile>
    <ClCompile Include="Vendor\ImGUI\imgui_demo.cpp">
      <Filter>Source Files</Filter>
    </ClCompile>
    <ClCompile Include="Vendor\ImGUI\imgui_draw.cpp">
      <Filter>Source Files</Filter>
    </ClCompile>
    <ClCompile Include="Vendor\ImGUI\imgui_tables.cpp">
      <Filter>Source Files</Filter>
    </ClCompile>
    <ClCompile Include="Vendor\ImGUI\imgui_widgets.cpp">
      <Filter>Source Files</Filter>
    </ClCompile>
    <ClCompile Include="Vendor\stb_image\stb_image.cpp">
      <Filter>Source Files</Filter>
    </ClCompile>
    <ClCompile Include="Source\Graphics\OrthographicCameraController.cpp">
      <Filter>Source Files</Filter>
    </ClCompile>
    <ClCompile Include="Source\Core\Application.cpp">
      <Filter>Source Files</Filter>
    </ClCompile>
    <ClCompile Include="Source\pch.cpp">
      <Filter>Source Files</Filter>
    </ClCompile>
  </ItemGroup>
  <ItemGroup>
    <ClInclude Include="Source\Events\Event.h">
      <Filter>Header Files</Filter>
    </ClInclude>
    <ClInclude Include="Source\Events\EventHandler.h">
      <Filter>Header Files</Filter>
    </ClInclude>
    <ClInclude Include="Source\Graphics\Buffers\Buffer.h">
      <Filter>Header Files</Filter>
    </ClInclude>
    <ClInclude Include="Source\Graphics\Buffers\VertexArray.h">
      <Filter>Header Files</Filter>
    </ClInclude>
    <ClInclude Include="Source\Graphics\Layers\group.h">
      <Filter>Header Files</Filter>
    </ClInclude>
    <ClInclude Include="Source\Graphics\Layers\Layer.h">
      <Filter>Header Files</Filter>
    </ClInclude>
    <ClInclude Include="Source\Graphics\Layers\LayerStack.h">
      <Filter>Header Files</Filter>
    </ClInclude>
    <ClInclude Include="Source\Graphics\Layers\tilelayer.h">
      <Filter>Header Files</Filter>
    </ClInclude>
    <ClInclude Include="Source\Graphics\Layers\twoDimensionalLayer.h">
      <Filter>Header Files</Filter>
    </ClInclude>
    <ClInclude Include="Source\Graphics\batchrenderer2D.h">
      <Filter>Header Files</Filter>
    </ClInclude>
    <ClInclude Include="Source\Graphics\Camera.h">
      <Filter>Header Files</Filter>
    </ClInclude>
    <ClInclude Include="Source\Graphics\mesh.h">
      <Filter>Header Files</Filter>
    </ClInclude>
    <ClInclude Include="Source\Graphics\model.h">
      <Filter>Header Files</Filter>
    </ClInclude>
    <ClInclude Include="Source\Graphics\OpenGLWindow.h">
      <Filter>Header Files</Filter>
    </ClInclude>
    <ClInclude Include="Source\Graphics\renderable2D.h">
      <Filter>Header Files</Filter>
    </ClInclude>
    <ClInclude Include="Source\Graphics\renderable3D.h">
      <Filter>Header Files</Filter>
    </ClInclude>
    <ClInclude Include="Source\Graphics\renderer2D.h">
      <Filter>Header Files</Filter>
    </ClInclude>
    <ClInclude Include="Source\Graphics\shader.h">
      <Filter>Header Files</Filter>
    </ClInclude>
    <ClInclude Include="Source\Graphics\simpleRenderer2D.h">
      <Filter>Header Files</Filter>
    </ClInclude>
    <ClInclude Include="Source\Graphics\simplerenderer3D.h">
      <Filter>Header Files</Filter>
    </ClInclude>
    <ClInclude Include="Source\Graphics\sprite.h">
      <Filter>Header Files</Filter>
    </ClInclude>
    <ClInclude Include="Source\Graphics\static_sprite.h">
      <Filter>Header Files</Filter>
    </ClInclude>
    <ClInclude Include="Source\Graphics\texture.h">
      <Filter>Header Files</Filter>
    </ClInclude>
    <ClInclude Include="Source\Graphics\Layers\ImGuiBase.h">
      <Filter>Header Files</Filter>
    </ClInclude>
    <ClInclude Include="Source\ImGuiExampleBuilds\imgui_impl_glfw.h">
      <Filter>Header Files</Filter>
    </ClInclude>
    <ClInclude Include="Source\ImGuiExampleBuilds\imgui_impl_opengl3.h">
      <Filter>Header Files</Filter>
    </ClInclude>
    <ClInclude Include="Source\Math\mat4.h">
      <Filter>Header Files</Filter>
    </ClInclude>
    <ClInclude Include="Source\Math\maths.h">
      <Filter>Header Files</Filter>
    </ClInclude>
    <ClInclude Include="Source\Math\vec2.h">
      <Filter>Header Files</Filter>
    </ClInclude>
    <ClInclude Include="Source\Math\vec3.h">
      <Filter>Header Files</Filter>
    </ClInclude>
    <ClInclude Include="Source\Math\vec4.h">
      <Filter>Header Files</Filter>
    </ClInclude>
    <ClInclude Include="Source\Renderer\Renderer.h">
      <Filter>Header Files</Filter>
    </ClInclude>
    <ClInclude Include="Source\Renderer\RendererCommand.h">
      <Filter>Header Files</Filter>
    </ClInclude>
    <ClInclude Include="Source\utils\fileutils.h">
      <Filter>Header Files</Filter>
    </ClInclude>
    <ClInclude Include="Source\utils\Logger.h">
      <Filter>Header Files</Filter>
    </ClInclude>
    <ClInclude Include="Vendor\ImGUI\imconfig.h">
      <Filter>Header Files</Filter>
    </ClInclude>
    <ClInclude Include="Vendor\ImGUI\imgui.h">
      <Filter>Header Files</Filter>
    </ClInclude>
    <ClInclude Include="Vendor\ImGUI\imgui_internal.h">
      <Filter>Header Files</Filter>
    </ClInclude>
    <ClInclude Include="Vendor\ImGUI\imstb_rectpack.h">
      <Filter>Header Files</Filter>
    </ClInclude>
    <ClInclude Include="Vendor\ImGUI\imstb_textedit.h">
      <Filter>Header Files</Filter>
    </ClInclude>
    <ClInclude Include="Vendor\ImGUI\imstb_truetype.h">
      <Filter>Header Files</Filter>
    </ClInclude>
    <ClInclude Include="Vendor\Models\cube.h">
      <Filter>Header Files</Filter>
    </ClInclude>
    <ClInclude Include="Vendor\stb_image\stb_image.h">
      <Filter>Header Files</Filter>
    </ClInclude>
    <ClInclude Include="Assets\Models\cube.h">
      <Filter>Header Files</Filter>
    </ClInclude>
    <ClInclude Include="Source\Graphics\OrthographicCameraController.h">
      <Filter>Header Files</Filter>
    </ClInclude>
    <ClInclude Include="Source\Core\MouseButtonCodes.h">
      <Filter>Header Files</Filter>
    </ClInclude>
    <ClInclude Include="Source\Core\EntryPoint.h">
      <Filter>Header Files</Filter>
    </ClInclude>
    <ClInclude Include="Source\Core\EngineKeyCodes.h">
      <Filter>Header Files</Filter>
    </ClInclude>
    <ClInclude Include="Source\Core\EngineInitializer.h">
      <Filter>Header Files</Filter>
    </ClInclude>
    <ClInclude Include="Source\Core\Engine.h">
      <Filter>Header Files</Filter>
    </ClInclude>
    <ClInclude Include="Source\Core\Core.h">
      <Filter>Header Files</Filter>
    </ClInclude>
    <ClInclude Include="Source\Core\Application.h">
      <Filter>Header Files</Filter>
    </ClInclude>
    <ClInclude Include="Source\pch.h">
      <Filter>Header Files</Filter>
    </ClInclude>
  </ItemGroup>
  <ItemGroup>
    <None Include="Assets\Models\Backpack\backpack.mtl" />
    <None Include="Assets\shaders\fragment.shader" />
    <None Include="Assets\shaders\vertex.shader" />
    <None Include="Assets\shaders\lightsourceFrag.shader" />
    <None Include="Assets\shaders\2DTextureShader.shader" />
    <None Include="Vendor\ImGUI\.editorconfig" />
    <None Include="Vendor\ImGUI\.gitattributes" />
    <None Include="Vendor\ImGUI\.gitignore" />
    <None Include="Assets\Models\ball\uploads_files_2222080_ball_obj.mtl" />
    <None Include="Assets\Shaders\2DShader.shader" />
  </ItemGroup>
  <ItemGroup>
    <Image Include="vertexLayoutExample.PNG">
      <Filter>Resource Files</Filter>
    </Image>
    <Image Include="Assets\Models\Backpack\ao.jpg">
      <Filter>Resource Files</Filter>
    </Image>
    <Image Include="Assets\Models\Backpack\diffuse.jpg">
      <Filter>Resource Files</Filter>
    </Image>
    <Image Include="Assets\Models\Backpack\normal.png">
      <Filter>Resource Files</Filter>
    </Image>
    <Image Include="Assets\Models\Backpack\roughness.jpg">
      <Filter>Resource Files</Filter>
    </Image>
    <Image Include="Assets\Models\Backpack\specular.jpg">
      <Filter>Resource Files</Filter>
    </Image>
    <Image Include="Assets\Textures\381f5a63791945.5abc4ccf1297d.png">
      <Filter>Resource Files</Filter>
    </Image>
    <Image Include="Assets\Textures\minecraft-diamond.png">
      <Filter>Resource Files</Filter>
    </Image>
    <Image Include="Assets\Textures\sample_gigatextures_4096_seamless2.png">
      <Filter>Resource Files</Filter>
    </Image>
    <Image Include="Assets\Textures\tileable-grass_clover_tt7010116-sample_1.png">
      <Filter>Resource Files</Filter>
    </Image>
    <Image Include="Assets\Models\ball\ball_ball_Roughness.png">
      <Filter>Resource Files</Filter>
    </Image>
    <Image Include="Assets\Models\ball\ball_ball_Metallic.png">
      <Filter>Resource Files</Filter>
    </Image>
    <Image Include="Assets\Models\ball\ball_ball_Normal.png">
      <Filter>Resource Files</Filter>
    </Image>
    <Image Include="Assets\Models\ball\ball_ball_BaseColor.png">
      <Filter>Resource Files</Filter>
    </Image>
    <Image Include="Assets\Textures\transparent.png">
      <Filter>Resource Files</Filter>
    </Image>
  </ItemGroup>
  <ItemGroup>
    <Text Include="Assets\Models\Backpack\source_attribution.txt" />
    <Text Include="Vendor\ImGUI\LICENSE.txt" />
  </ItemGroup>
</Project>