
Microsoft Visual Studio Solution File, Format Version 12.00
# Visual Studio Version 16
Project("{8BC9CEB8-8B4A-11D0-8D11-00A0C91BC942}") = "AnorEditor", "AnorEditor\AnorEditor.vcxproj", "{5CB810AA-4870-52F7-B177-2B539D4EEDE7}"
EndProject
Project("{8BC9CEB8-8B4A-11D0-8D11-00A0C91BC942}") = "AnorEngine", "AnorEngine\AnorEngine.vcxproj", "{AB65C4AA-971D-06F8-0025-DF53ECFBA0E8}"
EndProject
Project("{8BC9CEB8-8B4A-11D0-8D11-00A0C91BC942}") = "ImGui", "ImGui.vcxproj", "{C0FF640D-2C14-8DBE-F595-301E616989EF}"
EndProject
Project("{8BC9CEB8-8B4A-11D0-8D11-00A0C91BC942}") = "Sandbox", "Sandbox\Sandbox.vcxproj", "{F4C124E3-60A1-A37E-69B9-2E55D5170AE0}"
EndProject
Project("{8BC9CEB8-8B4A-11D0-8D11-00A0C91BC942}") = "Yaml-cpp", "Yaml-cpp.vcxproj", "{685566CF-5422-C1DA-7D3B-AF826967F668}"
EndProject
Global
	GlobalSection(SolutionConfigurationPlatforms) = preSolution
		Debug|x64 = Debug|x64
		Dist|x64 = Dist|x64
		Release|x64 = Release|x64
	EndGlobalSection
	GlobalSection(ProjectConfigurationPlatforms) = postSolution
		{5CB810AA-4870-52F7-B177-2B539D4EEDE7}.Debug|x64.ActiveCfg = Debug|x64
		{5CB810AA-4870-52F7-B177-2B539D4EEDE7}.Debug|x64.Build.0 = Debug|x64
		{5CB810AA-4870-52F7-B177-2B539D4EEDE7}.Dist|x64.ActiveCfg = Dist|x64
		{5CB810AA-4870-52F7-B177-2B539D4EEDE7}.Dist|x64.Build.0 = Dist|x64
		{5CB810AA-4870-52F7-B177-2B539D4EEDE7}.Release|x64.ActiveCfg = Release|x64
		{5CB810AA-4870-52F7-B177-2B539D4EEDE7}.Release|x64.Build.0 = Release|x64
		{AB65C4AA-971D-06F8-0025-DF53ECFBA0E8}.Debug|x64.ActiveCfg = Debug|x64
		{AB65C4AA-971D-06F8-0025-DF53ECFBA0E8}.Debug|x64.Build.0 = Debug|x64
		{AB65C4AA-971D-06F8-0025-DF53ECFBA0E8}.Dist|x64.ActiveCfg = Dist|x64
		{AB65C4AA-971D-06F8-0025-DF53ECFBA0E8}.Dist|x64.Build.0 = Dist|x64
		{AB65C4AA-971D-06F8-0025-DF53ECFBA0E8}.Release|x64.ActiveCfg = Release|x64
		{AB65C4AA-971D-06F8-0025-DF53ECFBA0E8}.Release|x64.Build.0 = Release|x64
		{C0FF640D-2C14-8DBE-F595-301E616989EF}.Debug|x64.ActiveCfg = Debug|x64
		{C0FF640D-2C14-8DBE-F595-301E616989EF}.Debug|x64.Build.0 = Debug|x64
		{C0FF640D-2C14-8DBE-F595-301E616989EF}.Dist|x64.ActiveCfg = Dist|x64
		{C0FF640D-2C14-8DBE-F595-301E616989EF}.Dist|x64.Build.0 = Dist|x64
		{C0FF640D-2C14-8DBE-F595-301E616989EF}.Release|x64.ActiveCfg = Release|x64
		{C0FF640D-2C14-8DBE-F595-301E616989EF}.Release|x64.Build.0 = Release|x64
		{F4C124E3-60A1-A37E-69B9-2E55D5170AE0}.Debug|x64.ActiveCfg = Debug|x64
		{F4C124E3-60A1-A37E-69B9-2E55D5170AE0}.Debug|x64.Build.0 = Debug|x64
		{F4C124E3-60A1-A37E-69B9-2E55D5170AE0}.Dist|x64.ActiveCfg = Dist|x64
		{F4C124E3-60A1-A37E-69B9-2E55D5170AE0}.Dist|x64.Build.0 = Dist|x64
		{F4C124E3-60A1-A37E-69B9-2E55D5170AE0}.Release|x64.ActiveCfg = Release|x64
		{F4C124E3-60A1-A37E-69B9-2E55D5170AE0}.Release|x64.Build.0 = Release|x64
		{685566CF-5422-C1DA-7D3B-AF826967F668}.Debug|x64.ActiveCfg = Debug|x64
		{685566CF-5422-C1DA-7D3B-AF826967F668}.Debug|x64.Build.0 = Debug|x64
		{685566CF-5422-C1DA-7D3B-AF826967F668}.Dist|x64.ActiveCfg = Dist|x64
		{685566CF-5422-C1DA-7D3B-AF826967F668}.Dist|x64.Build.0 = Dist|x64
		{685566CF-5422-C1DA-7D3B-AF826967F668}.Release|x64.ActiveCfg = Release|x64
		{685566CF-5422-C1DA-7D3B-AF826967F668}.Release|x64.Build.0 = Release|x64
	EndGlobalSection
	GlobalSection(SolutionProperties) = preSolution
		HideSolutionNode = FALSE
	EndGlobalSection
EndGlobal
