
Microsoft Visual Studio Solution File, Format Version 12.00
# Visual Studio Version 16
Project("{8BC9CEB8-8B4A-11D0-8D11-00A0C91BC942}") = "ALL_BUILD", "ALL_BUILD.vcxproj", "{E732D3D4-6D5D-3A39-B7BE-3CA4CE4EF25C}"
	ProjectSection(ProjectDependencies) = postProject
		{CA9B4625-6AF7-3634-B2FD-C82BE6D51D57} = {CA9B4625-6AF7-3634-B2FD-C82BE6D51D57}
		{734CAEE6-4CD4-386A-969D-8BD13E831B52} = {734CAEE6-4CD4-386A-969D-8BD13E831B52}
		{28C5369C-1ECE-3734-86EA-AA1ADD3ADE1C} = {28C5369C-1ECE-3734-86EA-AA1ADD3ADE1C}
		{45EC0859-48BE-3A9E-B320-5B6D73DEE849} = {45EC0859-48BE-3A9E-B320-5B6D73DEE849}
		{5CBCDB93-31E5-3FD2-A2ED-1858C34D0708} = {5CBCDB93-31E5-3FD2-A2ED-1858C34D0708}
		{F458BB2F-8365-32CD-90B6-C6FECD152870} = {F458BB2F-8365-32CD-90B6-C6FECD152870}
		{FF98694E-3D4C-31D0-8FE6-B844DB596D76} = {FF98694E-3D4C-31D0-8FE6-B844DB596D76}
	EndProjectSection
EndProject
Project("{8BC9CEB8-8B4A-11D0-8D11-00A0C91BC942}") = "INSTALL", "INSTALL.vcxproj", "{78F6B449-ADCD-3F17-B669-D42E5C9A528D}"
	ProjectSection(ProjectDependencies) = postProject
		{E732D3D4-6D5D-3A39-B7BE-3CA4CE4EF25C} = {E732D3D4-6D5D-3A39-B7BE-3CA4CE4EF25C}
		{734CAEE6-4CD4-386A-969D-8BD13E831B52} = {734CAEE6-4CD4-386A-969D-8BD13E831B52}
	EndProjectSection
EndProject
Project("{8BC9CEB8-8B4A-11D0-8D11-00A0C91BC942}") = "IrrXML", "contrib\irrXML\IrrXML.vcxproj", "{CA9B4625-6AF7-3634-B2FD-C82BE6D51D57}"
	ProjectSection(ProjectDependencies) = postProject
		{734CAEE6-4CD4-386A-969D-8BD13E831B52} = {734CAEE6-4CD4-386A-969D-8BD13E831B52}
	EndProjectSection
EndProject
Project("{8BC9CEB8-8B4A-11D0-8D11-00A0C91BC942}") = "UpdateAssimpLibsDebugSymbolsAndDLLs", "UpdateAssimpLibsDebugSymbolsAndDLLs.vcxproj", "{D13133F1-DE45-3255-8AD6-EDD559348ECC}"
	ProjectSection(ProjectDependencies) = postProject
		{734CAEE6-4CD4-386A-969D-8BD13E831B52} = {734CAEE6-4CD4-386A-969D-8BD13E831B52}
	EndProjectSection
EndProject
Project("{8BC9CEB8-8B4A-11D0-8D11-00A0C91BC942}") = "ZERO_CHECK", "ZERO_CHECK.vcxproj", "{734CAEE6-4CD4-386A-969D-8BD13E831B52}"
	ProjectSection(ProjectDependencies) = postProject
	EndProjectSection
EndProject
Project("{8BC9CEB8-8B4A-11D0-8D11-00A0C91BC942}") = "assimp", "code\assimp.vcxproj", "{28C5369C-1ECE-3734-86EA-AA1ADD3ADE1C}"
	ProjectSection(ProjectDependencies) = postProject
		{CA9B4625-6AF7-3634-B2FD-C82BE6D51D57} = {CA9B4625-6AF7-3634-B2FD-C82BE6D51D57}
		{734CAEE6-4CD4-386A-969D-8BD13E831B52} = {734CAEE6-4CD4-386A-969D-8BD13E831B52}
		{FF98694E-3D4C-31D0-8FE6-B844DB596D76} = {FF98694E-3D4C-31D0-8FE6-B844DB596D76}
	EndProjectSection
EndProject
Project("{8BC9CEB8-8B4A-11D0-8D11-00A0C91BC942}") = "assimp_cmd", "tools\assimp_cmd\assimp_cmd.vcxproj", "{45EC0859-48BE-3A9E-B320-5B6D73DEE849}"
	ProjectSection(ProjectDependencies) = postProject
		{CA9B4625-6AF7-3634-B2FD-C82BE6D51D57} = {CA9B4625-6AF7-3634-B2FD-C82BE6D51D57}
		{734CAEE6-4CD4-386A-969D-8BD13E831B52} = {734CAEE6-4CD4-386A-969D-8BD13E831B52}
		{28C5369C-1ECE-3734-86EA-AA1ADD3ADE1C} = {28C5369C-1ECE-3734-86EA-AA1ADD3ADE1C}
		{FF98694E-3D4C-31D0-8FE6-B844DB596D76} = {FF98694E-3D4C-31D0-8FE6-B844DB596D76}
	EndProjectSection
EndProject
Project("{8BC9CEB8-8B4A-11D0-8D11-00A0C91BC942}") = "uninstall", "uninstall.vcxproj", "{5B8B1122-2D97-3428-A339-3A8135704865}"
	ProjectSection(ProjectDependencies) = postProject
		{734CAEE6-4CD4-386A-969D-8BD13E831B52} = {734CAEE6-4CD4-386A-969D-8BD13E831B52}
	EndProjectSection
EndProject
Project("{8BC9CEB8-8B4A-11D0-8D11-00A0C91BC942}") = "unit", "test\unit.vcxproj", "{5CBCDB93-31E5-3FD2-A2ED-1858C34D0708}"
	ProjectSection(ProjectDependencies) = postProject
		{CA9B4625-6AF7-3634-B2FD-C82BE6D51D57} = {CA9B4625-6AF7-3634-B2FD-C82BE6D51D57}
		{734CAEE6-4CD4-386A-969D-8BD13E831B52} = {734CAEE6-4CD4-386A-969D-8BD13E831B52}
		{28C5369C-1ECE-3734-86EA-AA1ADD3ADE1C} = {28C5369C-1ECE-3734-86EA-AA1ADD3ADE1C}
		{FF98694E-3D4C-31D0-8FE6-B844DB596D76} = {FF98694E-3D4C-31D0-8FE6-B844DB596D76}
	EndProjectSection
EndProject
Project("{8BC9CEB8-8B4A-11D0-8D11-00A0C91BC942}") = "zlib", "contrib\zlib\zlib.vcxproj", "{F458BB2F-8365-32CD-90B6-C6FECD152870}"
	ProjectSection(ProjectDependencies) = postProject
		{734CAEE6-4CD4-386A-969D-8BD13E831B52} = {734CAEE6-4CD4-386A-969D-8BD13E831B52}
	EndProjectSection
EndProject
Project("{8BC9CEB8-8B4A-11D0-8D11-00A0C91BC942}") = "zlibstatic", "contrib\zlib\zlibstatic.vcxproj", "{FF98694E-3D4C-31D0-8FE6-B844DB596D76}"
	ProjectSection(ProjectDependencies) = postProject
		{734CAEE6-4CD4-386A-969D-8BD13E831B52} = {734CAEE6-4CD4-386A-969D-8BD13E831B52}
	EndProjectSection
EndProject
Global
	GlobalSection(SolutionConfigurationPlatforms) = preSolution
		Debug|x64 = Debug|x64
		Release|x64 = Release|x64
		MinSizeRel|x64 = MinSizeRel|x64
		RelWithDebInfo|x64 = RelWithDebInfo|x64
	EndGlobalSection
	GlobalSection(ProjectConfigurationPlatforms) = postSolution
		{E732D3D4-6D5D-3A39-B7BE-3CA4CE4EF25C}.Debug|x64.ActiveCfg = Debug|x64
		{E732D3D4-6D5D-3A39-B7BE-3CA4CE4EF25C}.Debug|x64.Build.0 = Debug|x64
		{E732D3D4-6D5D-3A39-B7BE-3CA4CE4EF25C}.Release|x64.ActiveCfg = Release|x64
		{E732D3D4-6D5D-3A39-B7BE-3CA4CE4EF25C}.Release|x64.Build.0 = Release|x64
		{E732D3D4-6D5D-3A39-B7BE-3CA4CE4EF25C}.MinSizeRel|x64.ActiveCfg = MinSizeRel|x64
		{E732D3D4-6D5D-3A39-B7BE-3CA4CE4EF25C}.MinSizeRel|x64.Build.0 = MinSizeRel|x64
		{E732D3D4-6D5D-3A39-B7BE-3CA4CE4EF25C}.RelWithDebInfo|x64.ActiveCfg = RelWithDebInfo|x64
		{E732D3D4-6D5D-3A39-B7BE-3CA4CE4EF25C}.RelWithDebInfo|x64.Build.0 = RelWithDebInfo|x64
		{78F6B449-ADCD-3F17-B669-D42E5C9A528D}.Debug|x64.ActiveCfg = Debug|x64
		{78F6B449-ADCD-3F17-B669-D42E5C9A528D}.Release|x64.ActiveCfg = Release|x64
		{78F6B449-ADCD-3F17-B669-D42E5C9A528D}.MinSizeRel|x64.ActiveCfg = MinSizeRel|x64
		{78F6B449-ADCD-3F17-B669-D42E5C9A528D}.RelWithDebInfo|x64.ActiveCfg = RelWithDebInfo|x64
		{CA9B4625-6AF7-3634-B2FD-C82BE6D51D57}.Debug|x64.ActiveCfg = Debug|x64
		{CA9B4625-6AF7-3634-B2FD-C82BE6D51D57}.Debug|x64.Build.0 = Debug|x64
		{CA9B4625-6AF7-3634-B2FD-C82BE6D51D57}.Release|x64.ActiveCfg = Release|x64
		{CA9B4625-6AF7-3634-B2FD-C82BE6D51D57}.Release|x64.Build.0 = Release|x64
		{CA9B4625-6AF7-3634-B2FD-C82BE6D51D57}.MinSizeRel|x64.ActiveCfg = MinSizeRel|x64
		{CA9B4625-6AF7-3634-B2FD-C82BE6D51D57}.MinSizeRel|x64.Build.0 = MinSizeRel|x64
		{CA9B4625-6AF7-3634-B2FD-C82BE6D51D57}.RelWithDebInfo|x64.ActiveCfg = RelWithDebInfo|x64
		{CA9B4625-6AF7-3634-B2FD-C82BE6D51D57}.RelWithDebInfo|x64.Build.0 = RelWithDebInfo|x64
		{D13133F1-DE45-3255-8AD6-EDD559348ECC}.Debug|x64.ActiveCfg = Debug|x64
		{D13133F1-DE45-3255-8AD6-EDD559348ECC}.Release|x64.ActiveCfg = Release|x64
		{D13133F1-DE45-3255-8AD6-EDD559348ECC}.MinSizeRel|x64.ActiveCfg = MinSizeRel|x64
		{D13133F1-DE45-3255-8AD6-EDD559348ECC}.RelWithDebInfo|x64.ActiveCfg = RelWithDebInfo|x64
		{734CAEE6-4CD4-386A-969D-8BD13E831B52}.Debug|x64.ActiveCfg = Debug|x64
		{734CAEE6-4CD4-386A-969D-8BD13E831B52}.Debug|x64.Build.0 = Debug|x64
		{734CAEE6-4CD4-386A-969D-8BD13E831B52}.Release|x64.ActiveCfg = Release|x64
		{734CAEE6-4CD4-386A-969D-8BD13E831B52}.Release|x64.Build.0 = Release|x64
		{734CAEE6-4CD4-386A-969D-8BD13E831B52}.MinSizeRel|x64.ActiveCfg = MinSizeRel|x64
		{734CAEE6-4CD4-386A-969D-8BD13E831B52}.MinSizeRel|x64.Build.0 = MinSizeRel|x64
		{734CAEE6-4CD4-386A-969D-8BD13E831B52}.RelWithDebInfo|x64.ActiveCfg = RelWithDebInfo|x64
		{734CAEE6-4CD4-386A-969D-8BD13E831B52}.RelWithDebInfo|x64.Build.0 = RelWithDebInfo|x64
		{28C5369C-1ECE-3734-86EA-AA1ADD3ADE1C}.Debug|x64.ActiveCfg = Debug|x64
		{28C5369C-1ECE-3734-86EA-AA1ADD3ADE1C}.Debug|x64.Build.0 = Debug|x64
		{28C5369C-1ECE-3734-86EA-AA1ADD3ADE1C}.Release|x64.ActiveCfg = Release|x64
		{28C5369C-1ECE-3734-86EA-AA1ADD3ADE1C}.Release|x64.Build.0 = Release|x64
		{28C5369C-1ECE-3734-86EA-AA1ADD3ADE1C}.MinSizeRel|x64.ActiveCfg = MinSizeRel|x64
		{28C5369C-1ECE-3734-86EA-AA1ADD3ADE1C}.MinSizeRel|x64.Build.0 = MinSizeRel|x64
		{28C5369C-1ECE-3734-86EA-AA1ADD3ADE1C}.RelWithDebInfo|x64.ActiveCfg = RelWithDebInfo|x64
		{28C5369C-1ECE-3734-86EA-AA1ADD3ADE1C}.RelWithDebInfo|x64.Build.0 = RelWithDebInfo|x64
		{45EC0859-48BE-3A9E-B320-5B6D73DEE849}.Debug|x64.ActiveCfg = Debug|x64
		{45EC0859-48BE-3A9E-B320-5B6D73DEE849}.Debug|x64.Build.0 = Debug|x64
		{45EC0859-48BE-3A9E-B320-5B6D73DEE849}.Release|x64.ActiveCfg = Release|x64
		{45EC0859-48BE-3A9E-B320-5B6D73DEE849}.Release|x64.Build.0 = Release|x64
		{45EC0859-48BE-3A9E-B320-5B6D73DEE849}.MinSizeRel|x64.ActiveCfg = MinSizeRel|x64
		{45EC0859-48BE-3A9E-B320-5B6D73DEE849}.MinSizeRel|x64.Build.0 = MinSizeRel|x64
		{45EC0859-48BE-3A9E-B320-5B6D73DEE849}.RelWithDebInfo|x64.ActiveCfg = RelWithDebInfo|x64
		{45EC0859-48BE-3A9E-B320-5B6D73DEE849}.RelWithDebInfo|x64.Build.0 = RelWithDebInfo|x64
		{5B8B1122-2D97-3428-A339-3A8135704865}.Debug|x64.ActiveCfg = Debug|x64
		{5B8B1122-2D97-3428-A339-3A8135704865}.Release|x64.ActiveCfg = Release|x64
		{5B8B1122-2D97-3428-A339-3A8135704865}.MinSizeRel|x64.ActiveCfg = MinSizeRel|x64
		{5B8B1122-2D97-3428-A339-3A8135704865}.RelWithDebInfo|x64.ActiveCfg = RelWithDebInfo|x64
		{5CBCDB93-31E5-3FD2-A2ED-1858C34D0708}.Debug|x64.ActiveCfg = Debug|x64
		{5CBCDB93-31E5-3FD2-A2ED-1858C34D0708}.Debug|x64.Build.0 = Debug|x64
		{5CBCDB93-31E5-3FD2-A2ED-1858C34D0708}.Release|x64.ActiveCfg = Release|x64
		{5CBCDB93-31E5-3FD2-A2ED-1858C34D0708}.Release|x64.Build.0 = Release|x64
		{5CBCDB93-31E5-3FD2-A2ED-1858C34D0708}.MinSizeRel|x64.ActiveCfg = MinSizeRel|x64
		{5CBCDB93-31E5-3FD2-A2ED-1858C34D0708}.MinSizeRel|x64.Build.0 = MinSizeRel|x64
		{5CBCDB93-31E5-3FD2-A2ED-1858C34D0708}.RelWithDebInfo|x64.ActiveCfg = RelWithDebInfo|x64
		{5CBCDB93-31E5-3FD2-A2ED-1858C34D0708}.RelWithDebInfo|x64.Build.0 = RelWithDebInfo|x64
		{F458BB2F-8365-32CD-90B6-C6FECD152870}.Debug|x64.ActiveCfg = Debug|x64
		{F458BB2F-8365-32CD-90B6-C6FECD152870}.Debug|x64.Build.0 = Debug|x64
		{F458BB2F-8365-32CD-90B6-C6FECD152870}.Release|x64.ActiveCfg = Release|x64
		{F458BB2F-8365-32CD-90B6-C6FECD152870}.Release|x64.Build.0 = Release|x64
		{F458BB2F-8365-32CD-90B6-C6FECD152870}.MinSizeRel|x64.ActiveCfg = MinSizeRel|x64
		{F458BB2F-8365-32CD-90B6-C6FECD152870}.MinSizeRel|x64.Build.0 = MinSizeRel|x64
		{F458BB2F-8365-32CD-90B6-C6FECD152870}.RelWithDebInfo|x64.ActiveCfg = RelWithDebInfo|x64
		{F458BB2F-8365-32CD-90B6-C6FECD152870}.RelWithDebInfo|x64.Build.0 = RelWithDebInfo|x64
		{FF98694E-3D4C-31D0-8FE6-B844DB596D76}.Debug|x64.ActiveCfg = Debug|x64
		{FF98694E-3D4C-31D0-8FE6-B844DB596D76}.Debug|x64.Build.0 = Debug|x64
		{FF98694E-3D4C-31D0-8FE6-B844DB596D76}.Release|x64.ActiveCfg = Release|x64
		{FF98694E-3D4C-31D0-8FE6-B844DB596D76}.Release|x64.Build.0 = Release|x64
		{FF98694E-3D4C-31D0-8FE6-B844DB596D76}.MinSizeRel|x64.ActiveCfg = MinSizeRel|x64
		{FF98694E-3D4C-31D0-8FE6-B844DB596D76}.MinSizeRel|x64.Build.0 = MinSizeRel|x64
		{FF98694E-3D4C-31D0-8FE6-B844DB596D76}.RelWithDebInfo|x64.ActiveCfg = RelWithDebInfo|x64
		{FF98694E-3D4C-31D0-8FE6-B844DB596D76}.RelWithDebInfo|x64.Build.0 = RelWithDebInfo|x64
	EndGlobalSection
	GlobalSection(ExtensibilityGlobals) = postSolution
		SolutionGuid = {E2DF8EA0-5C98-3BC3-A7EB-6E2A8899E19E}
	EndGlobalSection
	GlobalSection(ExtensibilityAddIns) = postSolution
	EndGlobalSection
EndGlobal
